# This file is automatically @generated by Poetry 2.1.1 and should not be changed by hand.

[[package]]
name = "click"
version = "8.1.8"
description = "Composable command line interface toolkit"
optional = false
python-versions = ">=3.7"
groups = ["main"]
files = [
    {file = "click-8.1.8-py3-none-any.whl", hash = "sha256:63c132bbbed01578a06712a2d1f497bb62d9c1c0d329b7903a866228027263b2"},
    {file = "click-8.1.8.tar.gz", hash = "sha256:ed53c9d8990d83c2a27deae68e4ee337473f6330c040a31d4225c9574d16096a"},
]

[package.dependencies]
colorama = {version = "*", markers = "platform_system == \"Windows\""}

[[package]]
name = "colorama"
version = "0.4.6"
description = "Cross-platform colored terminal text."
optional = false
python-versions = "!=3.0.*,!=3.1.*,!=3.2.*,!=3.3.*,!=3.4.*,!=3.5.*,!=3.6.*,>=2.7"
groups = ["main", "dev"]
files = [
    {file = "colorama-0.4.6-py2.py3-none-any.whl", hash = "sha256:4f1d9991f5acc0ca119f9d443620b77f9d6b33703e51011c16baf57afb285fc6"},
    {file = "colorama-0.4.6.tar.gz", hash = "sha256:08695f5cb7ed6e0531a20572697297273c47b8cae5a63ffc6d6ed5c201be6e44"},
]
markers = {main = "platform_system == \"Windows\"", dev = "sys_platform == \"win32\""}

[[package]]
name = "gemmi"
version = "0.7.0"
description = "library for structural biology"
optional = false
python-versions = ">=3.8"
groups = ["main"]
files = [
    {file = "gemmi-0.7.0-cp310-cp310-macosx_10_14_x86_64.whl", hash = "sha256:d5c26bf3a1cef9f6cc250dc5426cff5e44397186729a07ebb20fa9825198af95"},
    {file = "gemmi-0.7.0-cp310-cp310-macosx_11_0_arm64.whl", hash = "sha256:35abeee20456d5c0e9de0e91c5ea4c1b86d03db6f6feb25bc4ef45e44fded39f"},
    {file = "gemmi-0.7.0-cp310-cp310-manylinux_2_17_x86_64.manylinux2014_x86_64.whl", hash = "sha256:2300eea898e5bda394c3721ce3873209303bd0402d83e4324d7f431b15f3bfe7"},
    {file = "gemmi-0.7.0-cp310-cp310-win_amd64.whl", hash = "sha256:591ad3baba259a1d7398dc40d4691b51b4e79ffed3f29e19d012e117bfbb1992"},
    {file = "gemmi-0.7.0-cp311-cp311-macosx_10_14_x86_64.whl", hash = "sha256:c830ed429ef208870e02f8c43ffc6e9b8abf1ecc5240208ff183270a8ee70c87"},
    {file = "gemmi-0.7.0-cp311-cp311-macosx_11_0_arm64.whl", hash = "sha256:7c3c6ea7f5388e2e72cd5f6f98eeee6cf417cbd4bf86ba64cb89e96b52341b06"},
    {file = "gemmi-0.7.0-cp311-cp311-manylinux_2_17_x86_64.manylinux2014_x86_64.whl", hash = "sha256:49ee5c7a457b5dda1f1bff76b0b0dfdb2ef7499483a517e77ad5bb1628d5daa9"},
    {file = "gemmi-0.7.0-cp311-cp311-musllinux_1_2_x86_64.whl", hash = "sha256:bfe1ba4c28c917dfc695db680a0d0ea314741dd3b86b574a219896ae41c50683"},
    {file = "gemmi-0.7.0-cp311-cp311-win_amd64.whl", hash = "sha256:7f08814ccd49e9cb4e5a6f134f64a83cd9ebcde2dfc7d1fda8c88610336f6263"},
    {file = "gemmi-0.7.0-cp312-cp312-macosx_10_14_x86_64.whl", hash = "sha256:de55132d9d1c235f44e5ac220816b37b00db4e68bd1fb9641171cc90c5584a4a"},
    {file = "gemmi-0.7.0-cp312-cp312-macosx_11_0_arm64.whl", hash = "sha256:26967752d52060a822c0ae9e4bd17839f65712f8dafd68fd0953976b7366e143"},
    {file = "gemmi-0.7.0-cp312-cp312-manylinux_2_17_x86_64.manylinux2014_x86_64.whl", hash = "sha256:ae8163b58a2523b3d3415993ce5180f67b3b6bbf2a355d9122e4826b24215448"},
    {file = "gemmi-0.7.0-cp312-cp312-musllinux_1_2_x86_64.whl", hash = "sha256:51d67b793fe755788cfea6e24427f250950d7a8d3c3e28c53255efeaa238cb1d"},
    {file = "gemmi-0.7.0-cp312-cp312-win_amd64.whl", hash = "sha256:1b0a28f8fc03b5777e53f4368ddf53d99d35f96ac2476d95c14f96e468903de2"},
    {file = "gemmi-0.7.0-cp313-cp313-macosx_10_14_x86_64.whl", hash = "sha256:2cf89eca009b3d91ab5b864790989e5b372718b437a4ab6e1356d712280f156c"},
    {file = "gemmi-0.7.0-cp313-cp313-macosx_11_0_arm64.whl", hash = "sha256:7241fb1560b637d78ab0cc60f7d4ad370d97a990663bf485b729de3d1361ded1"},
    {file = "gemmi-0.7.0-cp313-cp313-manylinux_2_17_x86_64.manylinux2014_x86_64.whl", hash = "sha256:4074576d236c86c26da2d4e267bd7a8ad74bf9e0988d9dbc65146b20623de810"},
    {file = "gemmi-0.7.0-cp313-cp313-musllinux_1_2_x86_64.whl", hash = "sha256:bb311ba9b9085eb8ccd666d574a0b511b6bc5161d0f72459f8f95652234100ad"},
    {file = "gemmi-0.7.0-cp313-cp313-win_amd64.whl", hash = "sha256:0bb168e79709ac4733b2a02ce1395e4621d128a13f9da06f9157e13ede6af825"},
    {file = "gemmi-0.7.0-cp38-cp38-macosx_10_14_x86_64.whl", hash = "sha256:86fe913d0f64bafd0d83c026a3a19767052568b1411c4d68633e4ff240b3222d"},
    {file = "gemmi-0.7.0-cp38-cp38-macosx_11_0_arm64.whl", hash = "sha256:eb97903ba7009a4db555c13d2613bc181101d233c040077ee8c1b58a208cf28a"},
    {file = "gemmi-0.7.0-cp38-cp38-manylinux_2_17_x86_64.manylinux2014_x86_64.whl", hash = "sha256:5d04d6b72e8eb65a21937b6b20f725bb5202cb9802ac93af853fb240f4535c5f"},
    {file = "gemmi-0.7.0-cp38-cp38-win_amd64.whl", hash = "sha256:70cbbd521103214e09d63b3421a6cd2c538c102a8f51eb254cbe09693e6804d0"},
    {file = "gemmi-0.7.0-cp39-cp39-macosx_10_14_x86_64.whl", hash = "sha256:f066058db50e016b0e0d9f38cf50391065792a3d70e790bcb4c942de0892471c"},
    {file = "gemmi-0.7.0-cp39-cp39-macosx_11_0_arm64.whl", hash = "sha256:48e9fbf91b6b6e21a474abec1e70370eff59c343b888f244ee9f57393fbe54da"},
    {file = "gemmi-0.7.0-cp39-cp39-manylinux_2_17_x86_64.manylinux2014_x86_64.whl", hash = "sha256:375937479efefa738dd34613e8342c784580f7699cf03e2bb967100b1b97a9ea"},
    {file = "gemmi-0.7.0-cp39-cp39-win_amd64.whl", hash = "sha256:900b86286bdbd4aa8f393b372e3c984ab62cd67b5bb7b77de2bc24073aa768cb"},
    {file = "gemmi-0.7.0.tar.gz", hash = "sha256:758604664b20d0ea59e81ff757fd40572f69918e65ac2e6c690709fbd9ebc0c5"},
]

[[package]]
name = "iniconfig"
version = "2.0.0"
description = "brain-dead simple config-ini parsing"
optional = false
python-versions = ">=3.7"
groups = ["dev"]
files = [
    {file = "iniconfig-2.0.0-py3-none-any.whl", hash = "sha256:b6a85871a79d2e3b22d2d1b94ac2824226a63c6b741c88f7ae975f18b6778374"},
    {file = "iniconfig-2.0.0.tar.gz", hash = "sha256:2d91e135bf72d31a410b17c16da610a82cb55f6b0477d1a902134b24a455b8b3"},
]

[[package]]
name = "packaging"
version = "24.2"
description = "Core utilities for Python packages"
optional = false
python-versions = ">=3.8"
groups = ["dev"]
files = [
    {file = "packaging-24.2-py3-none-any.whl", hash = "sha256:09abb1bccd265c01f4a3aa3f7a7db064b36514d2cba19a2f694fe6150451a759"},
    {file = "packaging-24.2.tar.gz", hash = "sha256:c228a6dc5e932d346bc5739379109d49e8853dd8223571c7c5b55260edc0b97f"},
]

[[package]]
name = "pluggy"
version = "1.5.0"
description = "plugin and hook calling mechanisms for python"
optional = false
python-versions = ">=3.8"
groups = ["dev"]
files = [
    {file = "pluggy-1.5.0-py3-none-any.whl", hash = "sha256:44e1ad92c8ca002de6377e165f3e0f1be63266ab4d554740532335b9d75ea669"},
    {file = "pluggy-1.5.0.tar.gz", hash = "sha256:2cffa88e94fdc978c4c574f15f9e59b7f4201d439195c3715ca9e2486f1d0cf1"},
]

[package.extras]
dev = ["pre-commit", "tox"]
testing = ["pytest", "pytest-benchmark"]

[[package]]
name = "pytest"
version = "8.3.5"
description = "pytest: simple powerful testing with Python"
optional = false
python-versions = ">=3.8"
groups = ["dev"]
files = [
    {file = "pytest-8.3.5-py3-none-any.whl", hash = "sha256:c69214aa47deac29fad6c2a4f590b9c4a9fdb16a403176fe154b79c0b4d4d820"},
    {file = "pytest-8.3.5.tar.gz", hash = "sha256:f4efe70cc14e511565ac476b57c279e12a855b11f48f212af1080ef2263d3845"},
]

[package.dependencies]
colorama = {version = "*", markers = "sys_platform == \"win32\""}
iniconfig = "*"
packaging = "*"
pluggy = ">=1.5,<2"

[package.extras]
dev = ["argcomplete", "attrs (>=19.2)", "hypothesis (>=3.56)", "mock", "pygments (>=2.7.2)", "requests", "setuptools", "xmlschema"]

[metadata]
lock-version = "2.1"
python-versions = ">=3.13"
content-hash = "660fe8a40b32c90d767d554a59f35506335a6f617d4ecf4b0b7a6d83c3a8d3a4"
